
Microsoft Visual Studio Solution File, Format Version 12.00
# Visual Studio Version 17
VisualStudioVersion = 17.0.31903.59
MinimumVisualStudioVersion = 10.0.40219.1
Project("{FAE04EC0-301F-11D3-BF4B-00C04F79EFBC}") = "src", "src.csproj", "{CCC89126-BE14-45C7-9A24-204A7C5DA37F}"
EndProject
Project("{FAE04EC0-301F-11D3-BF4B-00C04F79EFBC}") = "classlib", "..\classlib\classlib.csproj", "{D73ED679-024F-406A-83A0-A3DFE2F9C2CE}"
EndProject
Global
	GlobalSection(SolutionConfigurationPlatforms) = preSolution
		Debug|Any CPU = Debug|Any CPU
		Debug|x64 = Debug|x64
		Debug|x86 = Debug|x86
		Release|Any CPU = Release|Any CPU
		Release|x64 = Release|x64
		Release|x86 = Release|x86
	EndGlobalSection
	GlobalSection(ProjectConfigurationPlatforms) = postSolution
		{CCC89126-BE14-45C7-9A24-204A7C5DA37F}.Debug|Any CPU.ActiveCfg = Debug|Any CPU
		{CCC89126-BE14-45C7-9A24-204A7C5DA37F}.Debug|Any CPU.Build.0 = Debug|Any CPU
		{CCC89126-BE14-45C7-9A24-204A7C5DA37F}.Debug|x64.ActiveCfg = Debug|Any CPU
		{CCC89126-BE14-45C7-9A24-204A7C5DA37F}.Debug|x64.Build.0 = Debug|Any CPU
		{CCC89126-BE14-45C7-9A24-204A7C5DA37F}.Debug|x86.ActiveCfg = Debug|Any CPU
		{CCC89126-BE14-45C7-9A24-204A7C5DA37F}.Debug|x86.Build.0 = Debug|Any CPU
		{CCC89126-BE14-45C7-9A24-204A7C5DA37F}.Release|Any CPU.ActiveCfg = Release|Any CPU
		{CCC89126-BE14-45C7-9A24-204A7C5DA37F}.Release|Any CPU.Build.0 = Release|Any CPU
		{CCC89126-BE14-45C7-9A24-204A7C5DA37F}.Release|x64.ActiveCfg = Release|Any CPU
		{CCC89126-BE14-45C7-9A24-204A7C5DA37F}.Release|x64.Build.0 = Release|Any CPU
		{CCC89126-BE14-45C7-9A24-204A7C5DA37F}.Release|x86.ActiveCfg = Release|Any CPU
		{CCC89126-BE14-45C7-9A24-204A7C5DA37F}.Release|x86.Build.0 = Release|Any CPU
		{D73ED679-024F-406A-83A0-A3DFE2F9C2CE}.Debug|Any CPU.ActiveCfg = Debug|Any CPU
		{D73ED679-024F-406A-83A0-A3DFE2F9C2CE}.Debug|Any CPU.Build.0 = Debug|Any CPU
		{D73ED679-024F-406A-83A0-A3DFE2F9C2CE}.Debug|x64.ActiveCfg = Debug|Any CPU
		{D73ED679-024F-406A-83A0-A3DFE2F9C2CE}.Debug|x64.Build.0 = Debug|Any CPU
		{D73ED679-024F-406A-83A0-A3DFE2F9C2CE}.Debug|x86.ActiveCfg = Debug|Any CPU
		{D73ED679-024F-406A-83A0-A3DFE2F9C2CE}.Debug|x86.Build.0 = Debug|Any CPU
		{D73ED679-024F-406A-83A0-A3DFE2F9C2CE}.Release|Any CPU.ActiveCfg = Release|Any CPU
		{D73ED679-024F-406A-83A0-A3DFE2F9C2CE}.Release|Any CPU.Build.0 = Release|Any CPU
		{D73ED679-024F-406A-83A0-A3DFE2F9C2CE}.Release|x64.ActiveCfg = Release|Any CPU
		{D73ED679-024F-406A-83A0-A3DFE2F9C2CE}.Release|x64.Build.0 = Release|Any CPU
		{D73ED679-024F-406A-83A0-A3DFE2F9C2CE}.Release|x86.ActiveCfg = Release|Any CPU
		{D73ED679-024F-406A-83A0-A3DFE2F9C2CE}.Release|x86.Build.0 = Release|Any CPU
	EndGlobalSection
	GlobalSection(SolutionProperties) = preSolution
		HideSolutionNode = FALSE
	EndGlobalSection
EndGlobal
